# This file is automatically @generated by Cargo.
# It is not intended for manual editing.
version = 3

[[package]]
name = "day1"
version = "0.1.0"
dependencies = [
 "permutation",
]

[[package]]
name = "permutation"
version = "0.4.1"
source = "registry+https://github.com/rust-lang/crates.io-index"
checksum = "df202b0b0f5b8e389955afd5f27b007b00fb948162953f1db9c70d2c7e3157d7"
